// !$*UTF8*$!
{
	archiveVersion = 1;
	classes = {
	};
	objectVersion = 56;
	objects = {

/* Begin PBXBuildFile section */
		B714281D2AD362AB00FBABCD /* BoxteePreview.swift in Sources */ = {isa = PBXBuildFile; fileRef = B714281C2AD362AB00FBABCD /* BoxteePreview.swift */; };
		B714281F2AD36B5E00FBABCD /* BoxteeWelcome.swift in Sources */ = {isa = PBXBuildFile; fileRef = B714281E2AD36B5E00FBABCD /* BoxteeWelcome.swift */; };
		B7234FD82AD200B000BFD8FF /* BoxteeHeader.swift in Sources */ = {isa = PBXBuildFile; fileRef = B7234FD72AD200B000BFD8FF /* BoxteeHeader.swift */; };
		B7234FDA2AD203BA00BFD8FF /* BoxteeTabBar.swift in Sources */ = {isa = PBXBuildFile; fileRef = B7234FD92AD203BA00BFD8FF /* BoxteeTabBar.swift */; };
		B7234FDC2AD206C700BFD8FF /* BoxteeButton.swift in Sources */ = {isa = PBXBuildFile; fileRef = B7234FDB2AD206C700BFD8FF /* BoxteeButton.swift */; };
		B7234FE02AD210B100BFD8FF /* SceneKitUtils.swift in Sources */ = {isa = PBXBuildFile; fileRef = B7234FDF2AD210B100BFD8FF /* SceneKitUtils.swift */; };
		B7234FE62AD2117200BFD8FF /* SceneKitAssets.scnassets in Resources */ = {isa = PBXBuildFile; fileRef = B7234FE52AD2117200BFD8FF /* SceneKitAssets.scnassets */; };
		B7B49DE92A9CE1C5000C9062 /* boxteeApp.swift in Sources */ = {isa = PBXBuildFile; fileRef = B7B49DE82A9CE1C5000C9062 /* boxteeApp.swift */; };
		B7B49DEB2A9CE1C5000C9062 /* ContentView.swift in Sources */ = {isa = PBXBuildFile; fileRef = B7B49DEA2A9CE1C5000C9062 /* ContentView.swift */; };
		B7B49DED2A9CE1C5000C9062 /* Item.swift in Sources */ = {isa = PBXBuildFile; fileRef = B7B49DEC2A9CE1C5000C9062 /* Item.swift */; };
		B7B49DEF2A9CE1C7000C9062 /* Assets.xcassets in Resources */ = {isa = PBXBuildFile; fileRef = B7B49DEE2A9CE1C7000C9062 /* Assets.xcassets */; };
		B7B49DF22A9CE1C7000C9062 /* Preview Assets.xcassets in Resources */ = {isa = PBXBuildFile; fileRef = B7B49DF12A9CE1C7000C9062 /* Preview Assets.xcassets */; };
/* End PBXBuildFile section */

/* Begin PBXFileReference section */
		B714281C2AD362AB00FBABCD /* BoxteePreview.swift */ = {isa = PBXFileReference; lastKnownFileType = sourcecode.swift; path = BoxteePreview.swift; sourceTree = "<group>"; };
		B714281E2AD36B5E00FBABCD /* BoxteeWelcome.swift */ = {isa = PBXFileReference; lastKnownFileType = sourcecode.swift; path = BoxteeWelcome.swift; sourceTree = "<group>"; };
		B7234FD72AD200B000BFD8FF /* BoxteeHeader.swift */ = {isa = PBXFileReference; lastKnownFileType = sourcecode.swift; path = BoxteeHeader.swift; sourceTree = "<group>"; };
		B7234FD92AD203BA00BFD8FF /* BoxteeTabBar.swift */ = {isa = PBXFileReference; lastKnownFileType = sourcecode.swift; path = BoxteeTabBar.swift; sourceTree = "<group>"; };
		B7234FDB2AD206C700BFD8FF /* BoxteeButton.swift */ = {isa = PBXFileReference; lastKnownFileType = sourcecode.swift; path = BoxteeButton.swift; sourceTree = "<group>"; };
		B7234FDF2AD210B100BFD8FF /* SceneKitUtils.swift */ = {isa = PBXFileReference; lastKnownFileType = sourcecode.swift; path = SceneKitUtils.swift; sourceTree = "<group>"; };
		B7234FE52AD2117200BFD8FF /* SceneKitAssets.scnassets */ = {isa = PBXFileReference; lastKnownFileType = wrapper.scnassets; path = SceneKitAssets.scnassets; sourceTree = "<group>"; };
		B7B49DE52A9CE1C5000C9062 /* boxtee.app */ = {isa = PBXFileReference; explicitFileType = wrapper.application; includeInIndex = 0; path = boxtee.app; sourceTree = BUILT_PRODUCTS_DIR; };
		B7B49DE82A9CE1C5000C9062 /* boxteeApp.swift */ = {isa = PBXFileReference; lastKnownFileType = sourcecode.swift; path = boxteeApp.swift; sourceTree = "<group>"; };
		B7B49DEA2A9CE1C5000C9062 /* ContentView.swift */ = {isa = PBXFileReference; lastKnownFileType = sourcecode.swift; path = ContentView.swift; sourceTree = "<group>"; };
		B7B49DEC2A9CE1C5000C9062 /* Item.swift */ = {isa = PBXFileReference; lastKnownFileType = sourcecode.swift; path = Item.swift; sourceTree = "<group>"; };
		B7B49DEE2A9CE1C7000C9062 /* Assets.xcassets */ = {isa = PBXFileReference; lastKnownFileType = folder.assetcatalog; path = Assets.xcassets; sourceTree = "<group>"; };
		B7B49DF12A9CE1C7000C9062 /* Preview Assets.xcassets */ = {isa = PBXFileReference; lastKnownFileType = folder.assetcatalog; path = "Preview Assets.xcassets"; sourceTree = "<group>"; };
/* End PBXFileReference section */

/* Begin PBXFrameworksBuildPhase section */
		B7B49DE22A9CE1C5000C9062 /* Frameworks */ = {
			isa = PBXFrameworksBuildPhase;
			buildActionMask = 2147483647;
			files = (
			);
			runOnlyForDeploymentPostprocessing = 0;
		};
/* End PBXFrameworksBuildPhase section */

/* Begin PBXGroup section */
		B7234FD62AD2001A00BFD8FF /* Views */ = {
			isa = PBXGroup;
			children = (
				B7234FD72AD200B000BFD8FF /* BoxteeHeader.swift */,
				B7234FD92AD203BA00BFD8FF /* BoxteeTabBar.swift */,
				B7234FDB2AD206C700BFD8FF /* BoxteeButton.swift */,
				B714281C2AD362AB00FBABCD /* BoxteePreview.swift */,
				B714281E2AD36B5E00FBABCD /* BoxteeWelcome.swift */,
			);
			path = Views;
			sourceTree = "<group>";
		};
		B7234FDE2AD210A700BFD8FF /* Core */ = {
			isa = PBXGroup;
			children = (
				B7234FDF2AD210B100BFD8FF /* SceneKitUtils.swift */,
			);
			path = Core;
			sourceTree = "<group>";
		};
		B7B49DDC2A9CE1C5000C9062 = {
			isa = PBXGroup;
			children = (
				B7B49DE72A9CE1C5000C9062 /* boxtee */,
				B7B49DE62A9CE1C5000C9062 /* Products */,
			);
			sourceTree = "<group>";
		};
		B7B49DE62A9CE1C5000C9062 /* Products */ = {
			isa = PBXGroup;
			children = (
				B7B49DE52A9CE1C5000C9062 /* boxtee.app */,
			);
			name = Products;
			sourceTree = "<group>";
		};
		B7B49DE72A9CE1C5000C9062 /* boxtee */ = {
			isa = PBXGroup;
			children = (
				B7234FE52AD2117200BFD8FF /* SceneKitAssets.scnassets */,
				B7234FDE2AD210A700BFD8FF /* Core */,
				B7234FD62AD2001A00BFD8FF /* Views */,
				B7B49DE82A9CE1C5000C9062 /* boxteeApp.swift */,
				B7B49DEA2A9CE1C5000C9062 /* ContentView.swift */,
				B7B49DEC2A9CE1C5000C9062 /* Item.swift */,
				B7B49DEE2A9CE1C7000C9062 /* Assets.xcassets */,
				B7B49DF02A9CE1C7000C9062 /* Preview Content */,
			);
			path = boxtee;
			sourceTree = "<group>";
		};
		B7B49DF02A9CE1C7000C9062 /* Preview Content */ = {
			isa = PBXGroup;
			children = (
				B7B49DF12A9CE1C7000C9062 /* Preview Assets.xcassets */,
			);
			path = "Preview Content";
			sourceTree = "<group>";
		};
/* End PBXGroup section */

/* Begin PBXNativeTarget section */
		B7B49DE42A9CE1C5000C9062 /* boxtee */ = {
			isa = PBXNativeTarget;
			buildConfigurationList = B7B49DF52A9CE1C7000C9062 /* Build configuration list for PBXNativeTarget "boxtee" */;
			buildPhases = (
				B7B49DE12A9CE1C5000C9062 /* Sources */,
				B7B49DE22A9CE1C5000C9062 /* Frameworks */,
				B7B49DE32A9CE1C5000C9062 /* Resources */,
			);
			buildRules = (
			);
			dependencies = (
			);
			name = boxtee;
			productName = boxtee;
			productReference = B7B49DE52A9CE1C5000C9062 /* boxtee.app */;
			productType = "com.apple.product-type.application";
		};
/* End PBXNativeTarget section */

/* Begin PBXProject section */
		B7B49DDD2A9CE1C5000C9062 /* Project object */ = {
			isa = PBXProject;
			attributes = {
				BuildIndependentTargetsInParallel = 1;
				LastSwiftUpdateCheck = 1500;
				LastUpgradeCheck = 1500;
				TargetAttributes = {
					B7B49DE42A9CE1C5000C9062 = {
						CreatedOnToolsVersion = 15.0;
					};
				};
			};
			buildConfigurationList = B7B49DE02A9CE1C5000C9062 /* Build configuration list for PBXProject "boxtee" */;
			compatibilityVersion = "Xcode 14.0";
			developmentRegion = en;
			hasScannedForEncodings = 0;
			knownRegions = (
				en,
				Base,
			);
			mainGroup = B7B49DDC2A9CE1C5000C9062;
			productRefGroup = B7B49DE62A9CE1C5000C9062 /* Products */;
			projectDirPath = "";
			projectRoot = "";
			targets = (
				B7B49DE42A9CE1C5000C9062 /* boxtee */,
			);
		};
/* End PBXProject section */

/* Begin PBXResourcesBuildPhase section */
		B7B49DE32A9CE1C5000C9062 /* Resources */ = {
			isa = PBXResourcesBuildPhase;
			buildActionMask = 2147483647;
			files = (
				B7B49DF22A9CE1C7000C9062 /* Preview Assets.xcassets in Resources */,
				B7234FE62AD2117200BFD8FF /* SceneKitAssets.scnassets in Resources */,
				B7B49DEF2A9CE1C7000C9062 /* Assets.xcassets in Resources */,
			);
			runOnlyForDeploymentPostprocessing = 0;
		};
/* End PBXResourcesBuildPhase section */

/* Begin PBXSourcesBuildPhase section */
		B7B49DE12A9CE1C5000C9062 /* Sources */ = {
			isa = PBXSourcesBuildPhase;
			buildActionMask = 2147483647;
			files = (
				B7B49DEB2A9CE1C5000C9062 /* ContentView.swift in Sources */,
				B7234FD82AD200B000BFD8FF /* BoxteeHeader.swift in Sources */,
				B714281F2AD36B5E00FBABCD /* BoxteeWelcome.swift in Sources */,
				B7234FE02AD210B100BFD8FF /* SceneKitUtils.swift in Sources */,
				B7B49DED2A9CE1C5000C9062 /* Item.swift in Sources */,
				B7234FDA2AD203BA00BFD8FF /* BoxteeTabBar.swift in Sources */,
				B7234FDC2AD206C700BFD8FF /* BoxteeButton.swift in Sources */,
				B7B49DE92A9CE1C5000C9062 /* boxteeApp.swift in Sources */,
				B714281D2AD362AB00FBABCD /* BoxteePreview.swift in Sources */,
			);
			runOnlyForDeploymentPostprocessing = 0;
		};
/* End PBXSourcesBuildPhase section */

/* Begin XCBuildConfiguration section */
		B7B49DF32A9CE1C7000C9062 /* Debug */ = {
			isa = XCBuildConfiguration;
			buildSettings = {
				ALWAYS_SEARCH_USER_PATHS = NO;
				ASSETCATALOG_COMPILER_GENERATE_SWIFT_ASSET_SYMBOL_EXTENSIONS = YES;
				CLANG_ANALYZER_NONNULL = YES;
				CLANG_ANALYZER_NUMBER_OBJECT_CONVERSION = YES_AGGRESSIVE;
				CLANG_CXX_LANGUAGE_STANDARD = "gnu++20";
				CLANG_ENABLE_MODULES = YES;
				CLANG_ENABLE_OBJC_ARC = YES;
				CLANG_ENABLE_OBJC_WEAK = YES;
				CLANG_WARN_BLOCK_CAPTURE_AUTORELEASING = YES;
				CLANG_WARN_BOOL_CONVERSION = YES;
				CLANG_WARN_COMMA = YES;
				CLANG_WARN_CONSTANT_CONVERSION = YES;
				CLANG_WARN_DEPRECATED_OBJC_IMPLEMENTATIONS = YES;
				CLANG_WARN_DIRECT_OBJC_ISA_USAGE = YES_ERROR;
				CLANG_WARN_DOCUMENTATION_COMMENTS = YES;
				CLANG_WARN_EMPTY_BODY = YES;
				CLANG_WARN_ENUM_CONVERSION = YES;
				CLANG_WARN_INFINITE_RECURSION = YES;
				CLANG_WARN_INT_CONVERSION = YES;
				CLANG_WARN_NON_LITERAL_NULL_CONVERSION = YES;
				CLANG_WARN_OBJC_IMPLICIT_RETAIN_SELF = YES;
				CLANG_WARN_OBJC_LITERAL_CONVERSION = YES;
				CLANG_WARN_OBJC_ROOT_CLASS = YES_ERROR;
				CLANG_WARN_QUOTED_INCLUDE_IN_FRAMEWORK_HEADER = YES;
				CLANG_WARN_RANGE_LOOP_ANALYSIS = YES;
				CLANG_WARN_STRICT_PROTOTYPES = YES;
				CLANG_WARN_SUSPICIOUS_MOVE = YES;
				CLANG_WARN_UNGUARDED_AVAILABILITY = YES_AGGRESSIVE;
				CLANG_WARN_UNREACHABLE_CODE = YES;
				CLANG_WARN__DUPLICATE_METHOD_MATCH = YES;
				COPY_PHASE_STRIP = NO;
				DEBUG_INFORMATION_FORMAT = dwarf;
				ENABLE_STRICT_OBJC_MSGSEND = YES;
				ENABLE_TESTABILITY = YES;
				ENABLE_USER_SCRIPT_SANDBOXING = YES;
				GCC_C_LANGUAGE_STANDARD = gnu17;
				GCC_DYNAMIC_NO_PIC = NO;
				GCC_NO_COMMON_BLOCKS = YES;
				GCC_OPTIMIZATION_LEVEL = 0;
				GCC_PREPROCESSOR_DEFINITIONS = (
					"DEBUG=1",
					"$(inherited)",
				);
				GCC_WARN_64_TO_32_BIT_CONVERSION = YES;
				GCC_WARN_ABOUT_RETURN_TYPE = YES_ERROR;
				GCC_WARN_UNDECLARED_SELECTOR = YES;
				GCC_WARN_UNINITIALIZED_AUTOS = YES_AGGRESSIVE;
				GCC_WARN_UNUSED_FUNCTION = YES;
				GCC_WARN_UNUSED_VARIABLE = YES;
				IPHONEOS_DEPLOYMENT_TARGET = 17.0;
				LOCALIZATION_PREFERS_STRING_CATALOGS = YES;
				MTL_ENABLE_DEBUG_INFO = INCLUDE_SOURCE;
				MTL_FAST_MATH = YES;
				ONLY_ACTIVE_ARCH = YES;
				SDKROOT = iphoneos;
				SWIFT_ACTIVE_COMPILATION_CONDITIONS = "DEBUG $(inherited)";
				SWIFT_OPTIMIZATION_LEVEL = "-Onone";
			};
			name = Debug;
		};
		B7B49DF42A9CE1C7000C9062 /* Release */ = {
			isa = XCBuildConfiguration;
			buildSettings = {
				ALWAYS_SEARCH_USER_PATHS = NO;
				ASSETCATALOG_COMPILER_GENERATE_SWIFT_ASSET_SYMBOL_EXTENSIONS = YES;
				CLANG_ANALYZER_NONNULL = YES;
				CLANG_ANALYZER_NUMBER_OBJECT_CONVERSION = YES_AGGRESSIVE;
				CLANG_CXX_LANGUAGE_STANDARD = "gnu++20";
				CLANG_ENABLE_MODULES = YES;
				CLANG_ENABLE_OBJC_ARC = YES;
				CLANG_ENABLE_OBJC_WEAK = YES;
				CLANG_WARN_BLOCK_CAPTURE_AUTORELEASING = YES;
				CLANG_WARN_BOOL_CONVERSION = YES;
				CLANG_WARN_COMMA = YES;
				CLANG_WARN_CONSTANT_CONVERSION = YES;
				CLANG_WARN_DEPRECATED_OBJC_IMPLEMENTATIONS = YES;
				CLANG_WARN_DIRECT_OBJC_ISA_USAGE = YES_ERROR;
				CLANG_WARN_DOCUMENTATION_COMMENTS = YES;
				CLANG_WARN_EMPTY_BODY = YES;
				CLANG_WARN_ENUM_CONVERSION = YES;
				CLANG_WARN_INFINITE_RECURSION = YES;
				CLANG_WARN_INT_CONVERSION = YES;
				CLANG_WARN_NON_LITERAL_NULL_CONVERSION = YES;
				CLANG_WARN_OBJC_IMPLICIT_RETAIN_SELF = YES;
				CLANG_WARN_OBJC_LITERAL_CONVERSION = YES;
				CLANG_WARN_OBJC_ROOT_CLASS = YES_ERROR;
				CLANG_WARN_QUOTED_INCLUDE_IN_FRAMEWORK_HEADER = YES;
				CLANG_WARN_RANGE_LOOP_ANALYSIS = YES;
				CLANG_WARN_STRICT_PROTOTYPES = YES;
				CLANG_WARN_SUSPICIOUS_MOVE = YES;
				CLANG_WARN_UNGUARDED_AVAILABILITY = YES_AGGRESSIVE;
				CLANG_WARN_UNREACHABLE_CODE = YES;
				CLANG_WARN__DUPLICATE_METHOD_MATCH = YES;
				COPY_PHASE_STRIP = NO;
				DEBUG_INFORMATION_FORMAT = "dwarf-with-dsym";
				ENABLE_NS_ASSERTIONS = NO;
				ENABLE_STRICT_OBJC_MSGSEND = YES;
				ENABLE_USER_SCRIPT_SANDBOXING = YES;
				GCC_C_LANGUAGE_STANDARD = gnu17;
				GCC_NO_COMMON_BLOCKS = YES;
				GCC_WARN_64_TO_32_BIT_CONVERSION = YES;
				GCC_WARN_ABOUT_RETURN_TYPE = YES_ERROR;
				GCC_WARN_UNDECLARED_SELECTOR = YES;
				GCC_WARN_UNINITIALIZED_AUTOS = YES_AGGRESSIVE;
				GCC_WARN_UNUSED_FUNCTION = YES;
				GCC_WARN_UNUSED_VARIABLE = YES;
				IPHONEOS_DEPLOYMENT_TARGET = 17.0;
				LOCALIZATION_PREFERS_STRING_CATALOGS = YES;
				MTL_ENABLE_DEBUG_INFO = NO;
				MTL_FAST_MATH = YES;
				SDKROOT = iphoneos;
				SWIFT_COMPILATION_MODE = wholemodule;
				VALIDATE_PRODUCT = YES;
			};
			name = Release;
		};
		B7B49DF62A9CE1C7000C9062 /* Debug */ = {
			isa = XCBuildConfiguration;
			buildSettings = {
				ASSETCATALOG_COMPILER_APPICON_NAME = AppIcon;
				ASSETCATALOG_COMPILER_GLOBAL_ACCENT_COLOR_NAME = AccentColor;
				CODE_SIGN_STYLE = Automatic;
				CURRENT_PROJECT_VERSION = 1;
				DEVELOPMENT_ASSET_PATHS = "\"boxtee/Preview Content\"";
				DEVELOPMENT_TEAM = HM6Y2RQS2R;
				ENABLE_PREVIEWS = YES;
				GENERATE_INFOPLIST_FILE = YES;
				INFOPLIST_KEY_UIApplicationSceneManifest_Generation = YES;
				INFOPLIST_KEY_UIApplicationSupportsIndirectInputEvents = YES;
				INFOPLIST_KEY_UILaunchScreen_Generation = YES;
				INFOPLIST_KEY_UISupportedInterfaceOrientations_iPad = "UIInterfaceOrientationPortrait UIInterfaceOrientationPortraitUpsideDown UIInterfaceOrientationLandscapeLeft UIInterfaceOrientationLandscapeRight";
				INFOPLIST_KEY_UISupportedInterfaceOrientations_iPhone = "UIInterfaceOrientationPortrait UIInterfaceOrientationLandscapeLeft UIInterfaceOrientationLandscapeRight";
				LD_RUNPATH_SEARCH_PATHS = (
					"$(inherited)",
					"@executable_path/Frameworks",
				);
				MARKETING_VERSION = 1.0;
				PRODUCT_BUNDLE_IDENTIFIER = atul.boxtee;
				PRODUCT_NAME = "$(TARGET_NAME)";
				SWIFT_EMIT_LOC_STRINGS = YES;
				SWIFT_VERSION = 5.0;
				TARGETED_DEVICE_FAMILY = "1,2";
			};
			name = Debug;
		};
		B7B49DF72A9CE1C7000C9062 /* Release */ = {
			isa = XCBuildConfiguration;
			buildSettings = {
				ASSETCATALOG_COMPILER_APPICON_NAME = AppIcon;
				ASSETCATALOG_COMPILER_GLOBAL_ACCENT_COLOR_NAME = AccentColor;
				CODE_SIGN_STYLE = Automatic;
				CURRENT_PROJECT_VERSION = 1;
				DEVELOPMENT_ASSET_PATHS = "\"boxtee/Preview Content\"";
				DEVELOPMENT_TEAM = HM6Y2RQS2R;
				ENABLE_PREVIEWS = YES;
				GENERATE_INFOPLIST_FILE = YES;
				INFOPLIST_KEY_UIApplicationSceneManifest_Generation = YES;
				INFOPLIST_KEY_UIApplicationSupportsIndirectInputEvents = YES;
				INFOPLIST_KEY_UILaunchScreen_Generation = YES;
				INFOPLIST_KEY_UISupportedInterfaceOrientations_iPad = "UIInterfaceOrientationPortrait UIInterfaceOrientationPortraitUpsideDown UIInterfaceOrientationLandscapeLeft UIInterfaceOrientationLandscapeRight";
				INFOPLIST_KEY_UISupportedInterfaceOrientations_iPhone = "UIInterfaceOrientationPortrait UIInterfaceOrientationLandscapeLeft UIInterfaceOrientationLandscapeRight";
				LD_RUNPATH_SEARCH_PATHS = (
					"$(inherited)",
					"@executable_path/Frameworks",
				);
				MARKETING_VERSION = 1.0;
				PRODUCT_BUNDLE_IDENTIFIER = atul.boxtee;
				PRODUCT_NAME = "$(TARGET_NAME)";
				SWIFT_EMIT_LOC_STRINGS = YES;
				SWIFT_VERSION = 5.0;
				TARGETED_DEVICE_FAMILY = "1,2";
			};
			name = Release;
		};
/* End XCBuildConfiguration section */

/* Begin XCConfigurationList section */
		B7B49DE02A9CE1C5000C9062 /* Build configuration list for PBXProject "boxtee" */ = {
			isa = XCConfigurationList;
			buildConfigurations = (
				B7B49DF32A9CE1C7000C9062 /* Debug */,
				B7B49DF42A9CE1C7000C9062 /* Release */,
			);
			defaultConfigurationIsVisible = 0;
			defaultConfigurationName = Release;
		};
		B7B49DF52A9CE1C7000C9062 /* Build configuration list for PBXNativeTarget "boxtee" */ = {
			isa = XCConfigurationList;
			buildConfigurations = (
				B7B49DF62A9CE1C7000C9062 /* Debug */,
				B7B49DF72A9CE1C7000C9062 /* Release */,
			);
			defaultConfigurationIsVisible = 0;
			defaultConfigurationName = Release;
		};
/* End XCConfigurationList section */
	};
	rootObject = B7B49DDD2A9CE1C5000C9062 /* Project object */;
}
